
Microsoft Visual Studio Solution File, Format Version 12.00
# Visual Studio Version 17
VisualStudioVersion = 17.14.36301.6 d17.14
MinimumVisualStudioVersion = 10.0.40219.1
Project("{FAE04EC0-301F-11D3-BF4B-00C04F79EFBC}") = "MyMonkeyApp", "MyMonkeyApp\MyMonkeyApp.csproj", "{EE1A4F86-BA0E-42A0-9F4A-A1E918B2F94E}"
EndProject
Project("{2150E333-8FDC-42A3-9474-1A3956D46DE8}") = "Solution Items", "Solution Items", "{8EC462FD-D22E-90A8-E5CE-7E832BA40C5D}"
	ProjectSection(SolutionItems) = preProject
		mcp.json = mcp.json
	EndProjectSection
EndProject
Global
	GlobalSection(SolutionConfigurationPlatforms) = preSolution
		Debug|Any CPU = Debug|Any CPU
		Release|Any CPU = Release|Any CPU
	EndGlobalSection
	GlobalSection(ProjectConfigurationPlatforms) = postSolution
		{EE1A4F86-BA0E-42A0-9F4A-A1E918B2F94E}.Debug|Any CPU.ActiveCfg = Debug|Any CPU
		{EE1A4F86-BA0E-42A0-9F4A-A1E918B2F94E}.Debug|Any CPU.Build.0 = Debug|Any CPU
		{EE1A4F86-BA0E-42A0-9F4A-A1E918B2F94E}.Release|Any CPU.ActiveCfg = Release|Any CPU
		{EE1A4F86-BA0E-42A0-9F4A-A1E918B2F94E}.Release|Any CPU.Build.0 = Release|Any CPU
	EndGlobalSection
	GlobalSection(SolutionProperties) = preSolution
		HideSolutionNode = FALSE
	EndGlobalSection
	GlobalSection(ExtensibilityGlobals) = postSolution
		SolutionGuid = {40097CCB-9822-41C9-BF6A-F8BF59AC0185}
	EndGlobalSection
EndGlobal
